
Microsoft Visual Studio Solution File, Format Version 12.00
# Visual Studio Version 16
VisualStudioVersion = 16.0.30804.86
MinimumVisualStudioVersion = 10.0.40219.1
Project("{9A19103F-16F7-4668-BE54-9A1E7A4F7556}") = "FileShareInfoApp", "FileShareInfoApp.csproj", "{71B7B198-71DC-433C-B06D-581078B61737}"
EndProject
Global
	GlobalSection(SolutionConfigurationPlatforms) = preSolution
		Debug|Any CPU = Debug|Any CPU
		Release|Any CPU = Release|Any CPU
	EndGlobalSection
	GlobalSection(ProjectConfigurationPlatforms) = postSolution
		{71B7B198-71DC-433C-B06D-581078B61737}.Debug|Any CPU.ActiveCfg = Debug|Any CPU
		{71B7B198-71DC-433C-B06D-581078B61737}.Debug|Any CPU.Build.0 = Debug|Any CPU
		{71B7B198-71DC-433C-B06D-581078B61737}.Release|Any CPU.ActiveCfg = Release|Any CPU
		{71B7B198-71DC-433C-B06D-581078B61737}.Release|Any CPU.Build.0 = Release|Any CPU
	EndGlobalSection
	GlobalSection(SolutionProperties) = preSolution
		HideSolutionNode = FALSE
	EndGlobalSection
	GlobalSection(ExtensibilityGlobals) = postSolution
		SolutionGuid = {1CA80834-BD5D-4099-B528-90F91FD795BD}
	EndGlobalSection
EndGlobal
